
Microsoft Visual Studio Solution File, Format Version 12.00
# Visual Studio Version 17
VisualStudioVersion = 17.0.31903.59
MinimumVisualStudioVersion = 10.0.40219.1
Project("{FAE04EC0-301F-11D3-BF4B-00C04F79EFBC}") = "Domain", "Domain\Domain.csproj", "{EA8DBA3A-2657-4171-B584-B6D517BB6448}"
EndProject
Project("{FAE04EC0-301F-11D3-BF4B-00C04F79EFBC}") = "Infrastructure", "Infrastructure\Infrastructure.csproj", "{CD917EBD-05D7-4996-AB62-C4AE0E8FFAD7}"
EndProject
Project("{FAE04EC0-301F-11D3-BF4B-00C04F79EFBC}") = "MainApp", "MainApp\MainApp.csproj", "{A2358CDC-6380-43AF-ADF3-71D9724BE417}"
EndProject
Global
	GlobalSection(SolutionConfigurationPlatforms) = preSolution
		Debug|Any CPU = Debug|Any CPU
		Release|Any CPU = Release|Any CPU
	EndGlobalSection
	GlobalSection(SolutionProperties) = preSolution
		HideSolutionNode = FALSE
	EndGlobalSection
	GlobalSection(ProjectConfigurationPlatforms) = postSolution
		{EA8DBA3A-2657-4171-B584-B6D517BB6448}.Debug|Any CPU.ActiveCfg = Debug|Any CPU
		{EA8DBA3A-2657-4171-B584-B6D517BB6448}.Debug|Any CPU.Build.0 = Debug|Any CPU
		{EA8DBA3A-2657-4171-B584-B6D517BB6448}.Release|Any CPU.ActiveCfg = Release|Any CPU
		{EA8DBA3A-2657-4171-B584-B6D517BB6448}.Release|Any CPU.Build.0 = Release|Any CPU
		{CD917EBD-05D7-4996-AB62-C4AE0E8FFAD7}.Debug|Any CPU.ActiveCfg = Debug|Any CPU
		{CD917EBD-05D7-4996-AB62-C4AE0E8FFAD7}.Debug|Any CPU.Build.0 = Debug|Any CPU
		{CD917EBD-05D7-4996-AB62-C4AE0E8FFAD7}.Release|Any CPU.ActiveCfg = Release|Any CPU
		{CD917EBD-05D7-4996-AB62-C4AE0E8FFAD7}.Release|Any CPU.Build.0 = Release|Any CPU
		{A2358CDC-6380-43AF-ADF3-71D9724BE417}.Debug|Any CPU.ActiveCfg = Debug|Any CPU
		{A2358CDC-6380-43AF-ADF3-71D9724BE417}.Debug|Any CPU.Build.0 = Debug|Any CPU
		{A2358CDC-6380-43AF-ADF3-71D9724BE417}.Release|Any CPU.ActiveCfg = Release|Any CPU
		{A2358CDC-6380-43AF-ADF3-71D9724BE417}.Release|Any CPU.Build.0 = Release|Any CPU
	EndGlobalSection
EndGlobal
